
Microsoft Visual Studio Solution File, Format Version 12.00
# Visual Studio Version 16
VisualStudioVersion = 16.0.31829.152
MinimumVisualStudioVersion = 10.0.40219.1
Project("{FAE04EC0-301F-11D3-BF4B-00C04F79EFBC}") = "otobus_sofor", "otobus_sofor.csproj", "{EBE50DDF-665B-4873-AC0A-8CF620EFFD40}"
EndProject
Global
	GlobalSection(SolutionConfigurationPlatforms) = preSolution
		Debug|Any CPU = Debug|Any CPU
		Release|Any CPU = Release|Any CPU
	EndGlobalSection
	GlobalSection(ProjectConfigurationPlatforms) = postSolution
		{EBE50DDF-665B-4873-AC0A-8CF620EFFD40}.Debug|Any CPU.ActiveCfg = Debug|Any CPU
		{EBE50DDF-665B-4873-AC0A-8CF620EFFD40}.Debug|Any CPU.Build.0 = Debug|Any CPU
		{EBE50DDF-665B-4873-AC0A-8CF620EFFD40}.Release|Any CPU.ActiveCfg = Release|Any CPU
		{EBE50DDF-665B-4873-AC0A-8CF620EFFD40}.Release|Any CPU.Build.0 = Release|Any CPU
	EndGlobalSection
	GlobalSection(SolutionProperties) = preSolution
		HideSolutionNode = FALSE
	EndGlobalSection
	GlobalSection(ExtensibilityGlobals) = postSolution
		SolutionGuid = {35B72916-F077-443A-9CAC-C4676617FD0D}
	EndGlobalSection
EndGlobal
